
Microsoft Visual Studio Solution File, Format Version 12.00
# Visual Studio 15
Project("{FAE04EC0-301F-11D3-BF4B-00C04F79EFBC}") = "Assembly-CSharp-firstpass", "Assembly-CSharp-firstpass.csproj", "{7E1F087A-5975-C876-202C-F17269843CBB}"
EndProject
Project("{FAE04EC0-301F-11D3-BF4B-00C04F79EFBC}") = "Assembly-CSharp", "Assembly-CSharp.csproj", "{E91A57D9-81EB-E524-19A0-C9E0F140DD47}"
EndProject
Project("{FAE04EC0-301F-11D3-BF4B-00C04F79EFBC}") = "Assembly-CSharp-Editor-firstpass", "Assembly-CSharp-Editor-firstpass.csproj", "{A91A548E-0682-8C90-FA99-523B9070ECC8}"
EndProject
Global
	GlobalSection(SolutionConfigurationPlatforms) = preSolution
		Debug|Any CPU = Debug|Any CPU
		Release|Any CPU = Release|Any CPU
	EndGlobalSection
	GlobalSection(ProjectConfigurationPlatforms) = postSolution
		{7E1F087A-5975-C876-202C-F17269843CBB}.Debug|Any CPU.ActiveCfg = Debug|Any CPU
		{7E1F087A-5975-C876-202C-F17269843CBB}.Debug|Any CPU.Build.0 = Debug|Any CPU
		{7E1F087A-5975-C876-202C-F17269843CBB}.Release|Any CPU.ActiveCfg = Release|Any CPU
		{7E1F087A-5975-C876-202C-F17269843CBB}.Release|Any CPU.Build.0 = Release|Any CPU
		{E91A57D9-81EB-E524-19A0-C9E0F140DD47}.Debug|Any CPU.ActiveCfg = Debug|Any CPU
		{E91A57D9-81EB-E524-19A0-C9E0F140DD47}.Debug|Any CPU.Build.0 = Debug|Any CPU
		{E91A57D9-81EB-E524-19A0-C9E0F140DD47}.Release|Any CPU.ActiveCfg = Release|Any CPU
		{E91A57D9-81EB-E524-19A0-C9E0F140DD47}.Release|Any CPU.Build.0 = Release|Any CPU
		{A91A548E-0682-8C90-FA99-523B9070ECC8}.Debug|Any CPU.ActiveCfg = Debug|Any CPU
		{A91A548E-0682-8C90-FA99-523B9070ECC8}.Debug|Any CPU.Build.0 = Debug|Any CPU
		{A91A548E-0682-8C90-FA99-523B9070ECC8}.Release|Any CPU.ActiveCfg = Release|Any CPU
		{A91A548E-0682-8C90-FA99-523B9070ECC8}.Release|Any CPU.Build.0 = Release|Any CPU
	EndGlobalSection
	GlobalSection(SolutionProperties) = preSolution
		HideSolutionNode = FALSE
	EndGlobalSection
EndGlobal
